github.com/disic/frago v1.3.2 h1:B28aaFuSPEuWuM46nkMXkkog5l6x1RL69zqwei5LuGQ=
github.com/disic/frago v1.3.2/go.mod h1:P+FGLyK+Tit1HIeu1aDFxIwQCCrYTJflqCX0Xue/jXM=
github.com/disic/frago v1.3.5 h1:3aI57uJ8pXn9WPykrJEOQtSzJCLI4SqJ7vY5eyPPprA=
github.com/disic/frago v1.3.5/go.mod h1:P+FGLyK+Tit1HIeu1aDFxIwQCCrYTJflqCX0Xue/jXM=
